// !$*UTF8*$!
{
	archiveVersion = 1;
	classes = {
	};
	objectVersion = 56;
	objects = {

/* Begin PBXBuildFile section */
		A11E68572AACC2A00019BE15 /* Networking in Frameworks */ = {isa = PBXBuildFile; productRef = A11E68562AACC2A00019BE15 /* Networking */; };
		A1313D642AAF7CFC00927058 /* Lumberjack in Frameworks */ = {isa = PBXBuildFile; productRef = A1313D632AAF7CFC00927058 /* Lumberjack */; };
		A147B9792A64837800E5212A /* HomeCoordinator.swift in Sources */ = {isa = PBXBuildFile; fileRef = A147B9782A64837800E5212A /* HomeCoordinator.swift */; };
		A18679702A647ABD00A4B75E /* SceneDelegate.swift in Sources */ = {isa = PBXBuildFile; fileRef = A186796F2A647ABD00A4B75E /* SceneDelegate.swift */; };
		A1AAC0DB29E431EB00930783 /* HomeViewModel.swift in Sources */ = {isa = PBXBuildFile; fileRef = A1AAC0DA29E431EB00930783 /* HomeViewModel.swift */; };
		A1AAC0DD29E431EB00930783 /* HomeScreen.swift in Sources */ = {isa = PBXBuildFile; fileRef = A1AAC0DC29E431EB00930783 /* HomeScreen.swift */; };
		A1AAC0E029E431EB00930783 /* DependencyInjection.swift in Sources */ = {isa = PBXBuildFile; fileRef = A1AAC0DF29E431EB00930783 /* DependencyInjection.swift */; };
		A1AAC0E329E431EB00930783 /* AppDelegate.swift in Sources */ = {isa = PBXBuildFile; fileRef = A1AAC0E229E431EB00930783 /* AppDelegate.swift */; };
		A1AAC0E929E431EB00930783 /* LaunchScreen.storyboard in Resources */ = {isa = PBXBuildFile; fileRef = A1AAC0E829E431EB00930783 /* LaunchScreen.storyboard */; };
		A1AAC0EB29E431ED00930783 /* Assets.xcassets in Resources */ = {isa = PBXBuildFile; fileRef = A1AAC0EA29E431ED00930783 /* Assets.xcassets */; };
		A1AAC12B29E474F200930783 /* Game in Frameworks */ = {isa = PBXBuildFile; productRef = A1AAC12A29E474F200930783 /* Game */; };
		A1BCB5B22A1A503200380EE6 /* PianoUI in Frameworks */ = {isa = PBXBuildFile; productRef = A1BCB5B12A1A503200380EE6 /* PianoUI */; };
		A1C231662A172DB300F79273 /* Core in Frameworks */ = {isa = PBXBuildFile; productRef = A1C231652A172DB300F79273 /* Core */; };
		A1C54C9D2A4174AE00EAE440 /* GameAPI in Frameworks */ = {isa = PBXBuildFile; productRef = A1C54C9C2A4174AE00EAE440 /* GameAPI */; };
		A1CFFD732A572CBE002A88B1 /* UI in Frameworks */ = {isa = PBXBuildFile; productRef = A1CFFD722A572CBE002A88B1 /* UI */; };
/* End PBXBuildFile section */

/* Begin PBXFileReference section */
		A12FCE8E2A48AFAD001CA28F /* DependencyInjection */ = {isa = PBXFileReference; lastKnownFileType = wrapper; path = DependencyInjection; sourceTree = "<group>"; };
		A13BAD522A172C250084EE99 /* Core */ = {isa = PBXFileReference; lastKnownFileType = wrapper; path = Core; sourceTree = "<group>"; };
		A13BAD562A172C9B0084EE99 /* Game */ = {isa = PBXFileReference; lastKnownFileType = wrapper; path = Game; sourceTree = "<group>"; };
		A147B9782A64837800E5212A /* HomeCoordinator.swift */ = {isa = PBXFileReference; lastKnownFileType = sourcecode.swift; path = HomeCoordinator.swift; sourceTree = "<group>"; };
		A16A8C2B2AC83186003FDD2D /* UI */ = {isa = PBXFileReference; lastKnownFileType = wrapper; name = UI; path = ../packages/UI; sourceTree = "<group>"; };
		A186796F2A647ABD00A4B75E /* SceneDelegate.swift */ = {isa = PBXFileReference; lastKnownFileType = sourcecode.swift; path = SceneDelegate.swift; sourceTree = "<group>"; };
		A1AAC0D529E431EB00930783 /* PianoReminder.app */ = {isa = PBXFileReference; explicitFileType = wrapper.application; includeInIndex = 0; path = PianoReminder.app; sourceTree = BUILT_PRODUCTS_DIR; };
		A1AAC0DA29E431EB00930783 /* HomeViewModel.swift */ = {isa = PBXFileReference; lastKnownFileType = sourcecode.swift; path = HomeViewModel.swift; sourceTree = "<group>"; };
		A1AAC0DC29E431EB00930783 /* HomeScreen.swift */ = {isa = PBXFileReference; lastKnownFileType = sourcecode.swift; path = HomeScreen.swift; sourceTree = "<group>"; };
		A1AAC0DF29E431EB00930783 /* DependencyInjection.swift */ = {isa = PBXFileReference; lastKnownFileType = sourcecode.swift; path = DependencyInjection.swift; sourceTree = "<group>"; };
		A1AAC0E229E431EB00930783 /* AppDelegate.swift */ = {isa = PBXFileReference; lastKnownFileType = sourcecode.swift; path = AppDelegate.swift; sourceTree = "<group>"; };
		A1AAC0E829E431EB00930783 /* LaunchScreen.storyboard */ = {isa = PBXFileReference; lastKnownFileType = file.storyboard; path = LaunchScreen.storyboard; sourceTree = "<group>"; };
		A1AAC0EA29E431ED00930783 /* Assets.xcassets */ = {isa = PBXFileReference; lastKnownFileType = folder.assetcatalog; path = Assets.xcassets; sourceTree = "<group>"; };
		A1BCB5B02A1A4F9500380EE6 /* PianoUI */ = {isa = PBXFileReference; lastKnownFileType = wrapper; path = PianoUI; sourceTree = "<group>"; };
		A1DA0A722A647DD700B1978E /* Info.plist */ = {isa = PBXFileReference; fileEncoding = 4; lastKnownFileType = text.plist.xml; path = Info.plist; sourceTree = "<group>"; };
/* End PBXFileReference section */

/* Begin PBXFrameworksBuildPhase section */
		A1AAC0D229E431EB00930783 /* Frameworks */ = {
			isa = PBXFrameworksBuildPhase;
			buildActionMask = 2147483647;
			files = (
				A1AAC12B29E474F200930783 /* Game in Frameworks */,
				A1BCB5B22A1A503200380EE6 /* PianoUI in Frameworks */,
				A1CFFD732A572CBE002A88B1 /* UI in Frameworks */,
				A1C54C9D2A4174AE00EAE440 /* GameAPI in Frameworks */,
				A1C231662A172DB300F79273 /* Core in Frameworks */,
				A1313D642AAF7CFC00927058 /* Lumberjack in Frameworks */,
				A11E68572AACC2A00019BE15 /* Networking in Frameworks */,
			);
			runOnlyForDeploymentPostprocessing = 0;
		};
/* End PBXFrameworksBuildPhase section */

/* Begin PBXGroup section */
		A12D4E2C29F9687A00B00FB9 /* Core */ = {
			isa = PBXGroup;
			children = (
				A1AAC0DE29E431EB00930783 /* DI */,
				A1AAC0E129E431EB00930783 /* App */,
				A1AAC12229E4358C00930783 /* Resources */,
			);
			path = Core;
			sourceTree = "<group>";
		};
		A1AAC0CC29E431EB00930783 = {
			isa = PBXGroup;
			children = (
				A16A8C2B2AC83186003FDD2D /* UI */,
				A1AAC0D729E431EB00930783 /* PianoReminder */,
				A1AAC0D629E431EB00930783 /* Products */,
				A1AAC0F529E4320F00930783 /* Frameworks */,
			);
			sourceTree = "<group>";
		};
		A1AAC0D629E431EB00930783 /* Products */ = {
			isa = PBXGroup;
			children = (
				A1AAC0D529E431EB00930783 /* PianoReminder.app */,
			);
			name = Products;
			sourceTree = "<group>";
		};
		A1AAC0D729E431EB00930783 /* PianoReminder */ = {
			isa = PBXGroup;
			children = (
				A1AAC0D829E431EB00930783 /* Scenes */,
				A12D4E2C29F9687A00B00FB9 /* Core */,
				A1AAC0F129E431FE00930783 /* Packages */,
			);
			path = PianoReminder;
			sourceTree = "<group>";
		};
		A1AAC0D829E431EB00930783 /* Scenes */ = {
			isa = PBXGroup;
			children = (
				A1AAC0D929E431EB00930783 /* Home */,
			);
			path = Scenes;
			sourceTree = "<group>";
		};
		A1AAC0D929E431EB00930783 /* Home */ = {
			isa = PBXGroup;
			children = (
				A1AAC0DA29E431EB00930783 /* HomeViewModel.swift */,
				A1AAC0DC29E431EB00930783 /* HomeScreen.swift */,
				A147B9782A64837800E5212A /* HomeCoordinator.swift */,
			);
			path = Home;
			sourceTree = "<group>";
		};
		A1AAC0DE29E431EB00930783 /* DI */ = {
			isa = PBXGroup;
			children = (
				A1AAC0DF29E431EB00930783 /* DependencyInjection.swift */,
			);
			path = DI;
			sourceTree = "<group>";
		};
		A1AAC0E129E431EB00930783 /* App */ = {
			isa = PBXGroup;
			children = (
				A1DA0A722A647DD700B1978E /* Info.plist */,
				A1AAC0E229E431EB00930783 /* AppDelegate.swift */,
				A186796F2A647ABD00A4B75E /* SceneDelegate.swift */,
				A1AAC0E829E431EB00930783 /* LaunchScreen.storyboard */,
			);
			path = App;
			sourceTree = "<group>";
		};
		A1AAC0F129E431FE00930783 /* Packages */ = {
			isa = PBXGroup;
			children = (
				A12FCE8E2A48AFAD001CA28F /* DependencyInjection */,
				A1BCB5B02A1A4F9500380EE6 /* PianoUI */,
				A13BAD562A172C9B0084EE99 /* Game */,
				A13BAD522A172C250084EE99 /* Core */,
			);
			path = Packages;
			sourceTree = "<group>";
		};
		A1AAC0F529E4320F00930783 /* Frameworks */ = {
			isa = PBXGroup;
			children = (
			);
			name = Frameworks;
			sourceTree = "<group>";
		};
		A1AAC12229E4358C00930783 /* Resources */ = {
			isa = PBXGroup;
			children = (
				A1AAC0EA29E431ED00930783 /* Assets.xcassets */,
			);
			path = Resources;
			sourceTree = "<group>";
		};
/* End PBXGroup section */

/* Begin PBXNativeTarget section */
		A1AAC0D429E431EB00930783 /* PianoReminder */ = {
			isa = PBXNativeTarget;
			buildConfigurationList = A1AAC0EE29E431ED00930783 /* Build configuration list for PBXNativeTarget "PianoReminder" */;
			buildPhases = (
				A1AAC12329E435BE00930783 /* SwiftLint */,
				A1AAC0D129E431EB00930783 /* Sources */,
				A1AAC0D229E431EB00930783 /* Frameworks */,
				A1AAC0D329E431EB00930783 /* Resources */,
			);
			buildRules = (
			);
			dependencies = (
			);
			name = PianoReminder;
			packageProductDependencies = (
				A1AAC12A29E474F200930783 /* Game */,
				A1C231652A172DB300F79273 /* Core */,
				A1BCB5B12A1A503200380EE6 /* PianoUI */,
				A1C54C9C2A4174AE00EAE440 /* GameAPI */,
				A1CFFD722A572CBE002A88B1 /* UI */,
				A11E68562AACC2A00019BE15 /* Networking */,
				A1313D632AAF7CFC00927058 /* Lumberjack */,
			);
			productName = PianoReminder;
			productReference = A1AAC0D529E431EB00930783 /* PianoReminder.app */;
			productType = "com.apple.product-type.application";
		};
/* End PBXNativeTarget section */

/* Begin PBXProject section */
		A1AAC0CD29E431EB00930783 /* Project object */ = {
			isa = PBXProject;
			attributes = {
				BuildIndependentTargetsInParallel = 1;
				LastSwiftUpdateCheck = 1430;
				LastUpgradeCheck = 1500;
				TargetAttributes = {
					A1AAC0D429E431EB00930783 = {
						CreatedOnToolsVersion = 14.3;
					};
				};
			};
			buildConfigurationList = A1AAC0D029E431EB00930783 /* Build configuration list for PBXProject "PianoReminder" */;
			compatibilityVersion = "Xcode 14.0";
			developmentRegion = en;
			hasScannedForEncodings = 0;
			knownRegions = (
				en,
				Base,
			);
			mainGroup = A1AAC0CC29E431EB00930783;
			packageReferences = (
				A1B970532A572A4200D01BAB /* XCRemoteSwiftPackageReference "Logger" */,
				A1CFFD712A572CBE002A88B1 /* XCRemoteSwiftPackageReference "UI" */,
				A11E68552AACC2A00019BE15 /* XCRemoteSwiftPackageReference "Networking" */,
			);
			productRefGroup = A1AAC0D629E431EB00930783 /* Products */;
			projectDirPath = "";
			projectRoot = "";
			targets = (
				A1AAC0D429E431EB00930783 /* PianoReminder */,
			);
		};
/* End PBXProject section */

/* Begin PBXResourcesBuildPhase section */
		A1AAC0D329E431EB00930783 /* Resources */ = {
			isa = PBXResourcesBuildPhase;
			buildActionMask = 2147483647;
			files = (
				A1AAC0EB29E431ED00930783 /* Assets.xcassets in Resources */,
				A1AAC0E929E431EB00930783 /* LaunchScreen.storyboard in Resources */,
			);
			runOnlyForDeploymentPostprocessing = 0;
		};
/* End PBXResourcesBuildPhase section */

/* Begin PBXShellScriptBuildPhase section */
		A1AAC12329E435BE00930783 /* SwiftLint */ = {
			isa = PBXShellScriptBuildPhase;
			alwaysOutOfDate = 1;
			buildActionMask = 2147483647;
			files = (
			);
			inputFileListPaths = (
			);
			inputPaths = (
			);
			name = SwiftLint;
			outputFileListPaths = (
			);
			outputPaths = (
			);
			runOnlyForDeploymentPostprocessing = 0;
			shellPath = /bin/sh;
			shellScript = "#\"$SRCROOT\"/BuildPhases/Swiftlint.sh\n";
			showEnvVarsInLog = 0;
		};
/* End PBXShellScriptBuildPhase section */

/* Begin PBXSourcesBuildPhase section */
		A1AAC0D129E431EB00930783 /* Sources */ = {
			isa = PBXSourcesBuildPhase;
			buildActionMask = 2147483647;
			files = (
				A1AAC0E329E431EB00930783 /* AppDelegate.swift in Sources */,
				A1AAC0DD29E431EB00930783 /* HomeScreen.swift in Sources */,
				A147B9792A64837800E5212A /* HomeCoordinator.swift in Sources */,
				A1AAC0E029E431EB00930783 /* DependencyInjection.swift in Sources */,
				A1AAC0DB29E431EB00930783 /* HomeViewModel.swift in Sources */,
				A18679702A647ABD00A4B75E /* SceneDelegate.swift in Sources */,
			);
			runOnlyForDeploymentPostprocessing = 0;
		};
/* End PBXSourcesBuildPhase section */

/* Begin XCBuildConfiguration section */
		A1AAC0EC29E431ED00930783 /* Debug */ = {
			isa = XCBuildConfiguration;
			buildSettings = {
				ALWAYS_SEARCH_USER_PATHS = NO;
				CLANG_ANALYZER_NONNULL = YES;
				CLANG_ANALYZER_NUMBER_OBJECT_CONVERSION = YES_AGGRESSIVE;
				CLANG_CXX_LANGUAGE_STANDARD = "gnu++20";
				CLANG_ENABLE_MODULES = YES;
				CLANG_ENABLE_OBJC_ARC = YES;
				CLANG_ENABLE_OBJC_WEAK = YES;
				CLANG_WARN_BLOCK_CAPTURE_AUTORELEASING = YES;
				CLANG_WARN_BOOL_CONVERSION = YES;
				CLANG_WARN_COMMA = YES;
				CLANG_WARN_CONSTANT_CONVERSION = YES;
				CLANG_WARN_DEPRECATED_OBJC_IMPLEMENTATIONS = YES;
				CLANG_WARN_DIRECT_OBJC_ISA_USAGE = YES_ERROR;
				CLANG_WARN_DOCUMENTATION_COMMENTS = YES;
				CLANG_WARN_EMPTY_BODY = YES;
				CLANG_WARN_ENUM_CONVERSION = YES;
				CLANG_WARN_INFINITE_RECURSION = YES;
				CLANG_WARN_INT_CONVERSION = YES;
				CLANG_WARN_NON_LITERAL_NULL_CONVERSION = YES;
				CLANG_WARN_OBJC_IMPLICIT_RETAIN_SELF = YES;
				CLANG_WARN_OBJC_LITERAL_CONVERSION = YES;
				CLANG_WARN_OBJC_ROOT_CLASS = YES_ERROR;
				CLANG_WARN_QUOTED_INCLUDE_IN_FRAMEWORK_HEADER = YES;
				CLANG_WARN_RANGE_LOOP_ANALYSIS = YES;
				CLANG_WARN_STRICT_PROTOTYPES = YES;
				CLANG_WARN_SUSPICIOUS_MOVE = YES;
				CLANG_WARN_UNGUARDED_AVAILABILITY = YES_AGGRESSIVE;
				CLANG_WARN_UNREACHABLE_CODE = YES;
				CLANG_WARN__DUPLICATE_METHOD_MATCH = YES;
				COPY_PHASE_STRIP = NO;
				DEBUG_INFORMATION_FORMAT = dwarf;
				ENABLE_STRICT_OBJC_MSGSEND = YES;
				ENABLE_TESTABILITY = YES;
				ENABLE_USER_SCRIPT_SANDBOXING = YES;
				GCC_C_LANGUAGE_STANDARD = gnu11;
				GCC_DYNAMIC_NO_PIC = NO;
				GCC_NO_COMMON_BLOCKS = YES;
				GCC_OPTIMIZATION_LEVEL = 0;
				GCC_PREPROCESSOR_DEFINITIONS = (
					"DEBUG=1",
					"$(inherited)",
				);
				GCC_WARN_64_TO_32_BIT_CONVERSION = YES;
				GCC_WARN_ABOUT_RETURN_TYPE = YES_ERROR;
				GCC_WARN_UNDECLARED_SELECTOR = YES;
				GCC_WARN_UNINITIALIZED_AUTOS = YES_AGGRESSIVE;
				GCC_WARN_UNUSED_FUNCTION = YES;
				GCC_WARN_UNUSED_VARIABLE = YES;
				IPHONEOS_DEPLOYMENT_TARGET = 16.4;
				MTL_ENABLE_DEBUG_INFO = INCLUDE_SOURCE;
				MTL_FAST_MATH = YES;
				ONLY_ACTIVE_ARCH = YES;
				SDKROOT = iphoneos;
				SWIFT_ACTIVE_COMPILATION_CONDITIONS = DEBUG;
				SWIFT_OPTIMIZATION_LEVEL = "-Onone";
			};
			name = Debug;
		};
		A1AAC0ED29E431ED00930783 /* Release */ = {
			isa = XCBuildConfiguration;
			buildSettings = {
				ALWAYS_SEARCH_USER_PATHS = NO;
				CLANG_ANALYZER_NONNULL = YES;
				CLANG_ANALYZER_NUMBER_OBJECT_CONVERSION = YES_AGGRESSIVE;
				CLANG_CXX_LANGUAGE_STANDARD = "gnu++20";
				CLANG_ENABLE_MODULES = YES;
				CLANG_ENABLE_OBJC_ARC = YES;
				CLANG_ENABLE_OBJC_WEAK = YES;
				CLANG_WARN_BLOCK_CAPTURE_AUTORELEASING = YES;
				CLANG_WARN_BOOL_CONVERSION = YES;
				CLANG_WARN_COMMA = YES;
				CLANG_WARN_CONSTANT_CONVERSION = YES;
				CLANG_WARN_DEPRECATED_OBJC_IMPLEMENTATIONS = YES;
				CLANG_WARN_DIRECT_OBJC_ISA_USAGE = YES_ERROR;
				CLANG_WARN_DOCUMENTATION_COMMENTS = YES;
				CLANG_WARN_EMPTY_BODY = YES;
				CLANG_WARN_ENUM_CONVERSION = YES;
				CLANG_WARN_INFINITE_RECURSION = YES;
				CLANG_WARN_INT_CONVERSION = YES;
				CLANG_WARN_NON_LITERAL_NULL_CONVERSION = YES;
				CLANG_WARN_OBJC_IMPLICIT_RETAIN_SELF = YES;
				CLANG_WARN_OBJC_LITERAL_CONVERSION = YES;
				CLANG_WARN_OBJC_ROOT_CLASS = YES_ERROR;
				CLANG_WARN_QUOTED_INCLUDE_IN_FRAMEWORK_HEADER = YES;
				CLANG_WARN_RANGE_LOOP_ANALYSIS = YES;
				CLANG_WARN_STRICT_PROTOTYPES = YES;
				CLANG_WARN_SUSPICIOUS_MOVE = YES;
				CLANG_WARN_UNGUARDED_AVAILABILITY = YES_AGGRESSIVE;
				CLANG_WARN_UNREACHABLE_CODE = YES;
				CLANG_WARN__DUPLICATE_METHOD_MATCH = YES;
				COPY_PHASE_STRIP = NO;
				DEBUG_INFORMATION_FORMAT = "dwarf-with-dsym";
				ENABLE_NS_ASSERTIONS = NO;
				ENABLE_STRICT_OBJC_MSGSEND = YES;
				ENABLE_USER_SCRIPT_SANDBOXING = YES;
				GCC_C_LANGUAGE_STANDARD = gnu11;
				GCC_NO_COMMON_BLOCKS = YES;
				GCC_WARN_64_TO_32_BIT_CONVERSION = YES;
				GCC_WARN_ABOUT_RETURN_TYPE = YES_ERROR;
				GCC_WARN_UNDECLARED_SELECTOR = YES;
				GCC_WARN_UNINITIALIZED_AUTOS = YES_AGGRESSIVE;
				GCC_WARN_UNUSED_FUNCTION = YES;
				GCC_WARN_UNUSED_VARIABLE = YES;
				IPHONEOS_DEPLOYMENT_TARGET = 16.4;
				MTL_ENABLE_DEBUG_INFO = NO;
				MTL_FAST_MATH = YES;
				SDKROOT = iphoneos;
				SWIFT_COMPILATION_MODE = wholemodule;
				SWIFT_OPTIMIZATION_LEVEL = "-O";
				VALIDATE_PRODUCT = YES;
			};
			name = Release;
		};
		A1AAC0EF29E431ED00930783 /* Debug */ = {
			isa = XCBuildConfiguration;
			buildSettings = {
				ASSETCATALOG_COMPILER_APPICON_NAME = AppIcon;
				ASSETCATALOG_COMPILER_GENERATE_SWIFT_ASSET_SYMBOL_EXTENSIONS = YES;
				ASSETCATALOG_COMPILER_GLOBAL_ACCENT_COLOR_NAME = AccentColor;
				CODE_SIGN_STYLE = Automatic;
				CURRENT_PROJECT_VERSION = 1;
				DEVELOPMENT_TEAM = 4RGG6YXDS6;
				ENABLE_PREVIEWS = YES;
				GENERATE_INFOPLIST_FILE = YES;
				INFOPLIST_FILE = PianoReminder/Core/App/Info.plist;
				INFOPLIST_KEY_UIApplicationSupportsIndirectInputEvents = YES;
				INFOPLIST_KEY_UILaunchStoryboardName = LaunchScreen.storyboard;
				INFOPLIST_KEY_UISupportedInterfaceOrientations_iPad = "UIInterfaceOrientationPortrait UIInterfaceOrientationPortraitUpsideDown UIInterfaceOrientationLandscapeLeft UIInterfaceOrientationLandscapeRight";
				INFOPLIST_KEY_UISupportedInterfaceOrientations_iPhone = "UIInterfaceOrientationPortrait UIInterfaceOrientationLandscapeLeft UIInterfaceOrientationLandscapeRight";
				IPHONEOS_DEPLOYMENT_TARGET = 17.0;
				LD_RUNPATH_SEARCH_PATHS = (
					"$(inherited)",
					"@executable_path/Frameworks",
				);
				MARKETING_VERSION = 1.0;
				PRODUCT_BUNDLE_IDENTIFIER = danielfcodes.PianoReminder;
				PRODUCT_NAME = "$(TARGET_NAME)";
				SWIFT_EMIT_LOC_STRINGS = YES;
				SWIFT_VERSION = 5.0;
				TARGETED_DEVICE_FAMILY = "1,2";
			};
			name = Debug;
		};
		A1AAC0F029E431ED00930783 /* Release */ = {
			isa = XCBuildConfiguration;
			buildSettings = {
				ASSETCATALOG_COMPILER_APPICON_NAME = AppIcon;
				ASSETCATALOG_COMPILER_GENERATE_SWIFT_ASSET_SYMBOL_EXTENSIONS = YES;
				ASSETCATALOG_COMPILER_GLOBAL_ACCENT_COLOR_NAME = AccentColor;
				CODE_SIGN_STYLE = Automatic;
				CURRENT_PROJECT_VERSION = 1;
				DEVELOPMENT_TEAM = 4RGG6YXDS6;
				ENABLE_PREVIEWS = YES;
				GENERATE_INFOPLIST_FILE = YES;
				INFOPLIST_FILE = PianoReminder/Core/App/Info.plist;
				INFOPLIST_KEY_UIApplicationSupportsIndirectInputEvents = YES;
				INFOPLIST_KEY_UILaunchStoryboardName = LaunchScreen.storyboard;
				INFOPLIST_KEY_UISupportedInterfaceOrientations_iPad = "UIInterfaceOrientationPortrait UIInterfaceOrientationPortraitUpsideDown UIInterfaceOrientationLandscapeLeft UIInterfaceOrientationLandscapeRight";
				INFOPLIST_KEY_UISupportedInterfaceOrientations_iPhone = "UIInterfaceOrientationPortrait UIInterfaceOrientationLandscapeLeft UIInterfaceOrientationLandscapeRight";
				IPHONEOS_DEPLOYMENT_TARGET = 17.0;
				LD_RUNPATH_SEARCH_PATHS = (
					"$(inherited)",
					"@executable_path/Frameworks",
				);
				MARKETING_VERSION = 1.0;
				PRODUCT_BUNDLE_IDENTIFIER = danielfcodes.PianoReminder;
				PRODUCT_NAME = "$(TARGET_NAME)";
				SWIFT_EMIT_LOC_STRINGS = YES;
				SWIFT_VERSION = 5.0;
				TARGETED_DEVICE_FAMILY = "1,2";
			};
			name = Release;
		};
/* End XCBuildConfiguration section */

/* Begin XCConfigurationList section */
		A1AAC0D029E431EB00930783 /* Build configuration list for PBXProject "PianoReminder" */ = {
			isa = XCConfigurationList;
			buildConfigurations = (
				A1AAC0EC29E431ED00930783 /* Debug */,
				A1AAC0ED29E431ED00930783 /* Release */,
			);
			defaultConfigurationIsVisible = 0;
			defaultConfigurationName = Release;
		};
		A1AAC0EE29E431ED00930783 /* Build configuration list for PBXNativeTarget "PianoReminder" */ = {
			isa = XCConfigurationList;
			buildConfigurations = (
				A1AAC0EF29E431ED00930783 /* Debug */,
				A1AAC0F029E431ED00930783 /* Release */,
			);
			defaultConfigurationIsVisible = 0;
			defaultConfigurationName = Release;
		};
/* End XCConfigurationList section */

/* Begin XCRemoteSwiftPackageReference section */
		A11E68552AACC2A00019BE15 /* XCRemoteSwiftPackageReference "Networking" */ = {
			isa = XCRemoteSwiftPackageReference;
			repositoryURL = "git@github.com:danielfcodes/Networking.git";
			requirement = {
				kind = upToNextMajorVersion;
				minimumVersion = 1.2.0;
			};
		};
		A1B970532A572A4200D01BAB /* XCRemoteSwiftPackageReference "Logger" */ = {
			isa = XCRemoteSwiftPackageReference;
			repositoryURL = "git@github.com:danielfcodes/Logger.git";
			requirement = {
				kind = upToNextMajorVersion;
				minimumVersion = 1.0.0;
			};
		};
		A1CFFD712A572CBE002A88B1 /* XCRemoteSwiftPackageReference "UI" */ = {
			isa = XCRemoteSwiftPackageReference;
			repositoryURL = "git@github.com:danielfcodes/UI.git";
			requirement = {
				kind = upToNextMajorVersion;
				minimumVersion = 1.0.0;
			};
		};
/* End XCRemoteSwiftPackageReference section */

/* Begin XCSwiftPackageProductDependency section */
		A11E68562AACC2A00019BE15 /* Networking */ = {
			isa = XCSwiftPackageProductDependency;
			package = A11E68552AACC2A00019BE15 /* XCRemoteSwiftPackageReference "Networking" */;
			productName = Networking;
		};
		A1313D632AAF7CFC00927058 /* Lumberjack */ = {
			isa = XCSwiftPackageProductDependency;
			package = A1B970532A572A4200D01BAB /* XCRemoteSwiftPackageReference "Logger" */;
			productName = Lumberjack;
		};
		A1AAC12A29E474F200930783 /* Game */ = {
			isa = XCSwiftPackageProductDependency;
			productName = Game;
		};
		A1BCB5B12A1A503200380EE6 /* PianoUI */ = {
			isa = XCSwiftPackageProductDependency;
			productName = PianoUI;
		};
		A1C231652A172DB300F79273 /* Core */ = {
			isa = XCSwiftPackageProductDependency;
			productName = Core;
		};
		A1C54C9C2A4174AE00EAE440 /* GameAPI */ = {
			isa = XCSwiftPackageProductDependency;
			productName = GameAPI;
		};
		A1CFFD722A572CBE002A88B1 /* UI */ = {
			isa = XCSwiftPackageProductDependency;
			package = A1CFFD712A572CBE002A88B1 /* XCRemoteSwiftPackageReference "UI" */;
			productName = UI;
		};
/* End XCSwiftPackageProductDependency section */
	};
	rootObject = A1AAC0CD29E431EB00930783 /* Project object */;
}
