// !$*UTF8*$!
{
	archiveVersion = 1;
	classes = {
	};
	objectVersion = 56;
	objects = {

/* Begin PBXBuildFile section */
		A164A9DF29F571CB0059E7CF /* RswiftLibrary in Frameworks */ = {isa = PBXBuildFile; productRef = A164A9DE29F571CB0059E7CF /* RswiftLibrary */; };
		A164A9E129F571CB0059E7CF /* rswift in Frameworks */ = {isa = PBXBuildFile; productRef = A164A9E029F571CB0059E7CF /* rswift */; };
		A16994EF29F970510082A171 /* R.generated.swift in Sources */ = {isa = PBXBuildFile; fileRef = A16994EE29F970510082A171 /* R.generated.swift */; };
		A1AAC0DB29E431EB00930783 /* HomeViewModel.swift in Sources */ = {isa = PBXBuildFile; fileRef = A1AAC0DA29E431EB00930783 /* HomeViewModel.swift */; };
		A1AAC0DD29E431EB00930783 /* HomeScreen.swift in Sources */ = {isa = PBXBuildFile; fileRef = A1AAC0DC29E431EB00930783 /* HomeScreen.swift */; };
		A1AAC0E029E431EB00930783 /* DependencyInjection.swift in Sources */ = {isa = PBXBuildFile; fileRef = A1AAC0DF29E431EB00930783 /* DependencyInjection.swift */; };
		A1AAC0E329E431EB00930783 /* AppDelegate.swift in Sources */ = {isa = PBXBuildFile; fileRef = A1AAC0E229E431EB00930783 /* AppDelegate.swift */; };
		A1AAC0E729E431EB00930783 /* PianoReminderApp.swift in Sources */ = {isa = PBXBuildFile; fileRef = A1AAC0E629E431EB00930783 /* PianoReminderApp.swift */; };
		A1AAC0E929E431EB00930783 /* LaunchScreen.storyboard in Resources */ = {isa = PBXBuildFile; fileRef = A1AAC0E829E431EB00930783 /* LaunchScreen.storyboard */; };
		A1AAC0EB29E431ED00930783 /* Assets.xcassets in Resources */ = {isa = PBXBuildFile; fileRef = A1AAC0EA29E431ED00930783 /* Assets.xcassets */; };
		A1AAC0F729E4320F00930783 /* Logger in Frameworks */ = {isa = PBXBuildFile; productRef = A1AAC0F629E4320F00930783 /* Logger */; };
		A1AAC0F929E4320F00930783 /* Networking in Frameworks */ = {isa = PBXBuildFile; productRef = A1AAC0F829E4320F00930783 /* Networking */; };
		A1AAC0FB29E4320F00930783 /* UI in Frameworks */ = {isa = PBXBuildFile; productRef = A1AAC0FA29E4320F00930783 /* UI */; };
		A1AAC12B29E474F200930783 /* Game in Frameworks */ = {isa = PBXBuildFile; productRef = A1AAC12A29E474F200930783 /* Game */; };
		A1BCB5AF2A17B15400380EE6 /* HomeRouter.swift in Sources */ = {isa = PBXBuildFile; fileRef = A1BCB5AE2A17B15400380EE6 /* HomeRouter.swift */; };
		A1BCB5B22A1A503200380EE6 /* PianoUI in Frameworks */ = {isa = PBXBuildFile; productRef = A1BCB5B12A1A503200380EE6 /* PianoUI */; };
		A1C231662A172DB300F79273 /* Core in Frameworks */ = {isa = PBXBuildFile; productRef = A1C231652A172DB300F79273 /* Core */; };
		A1C54C9D2A4174AE00EAE440 /* GameAPI in Frameworks */ = {isa = PBXBuildFile; productRef = A1C54C9C2A4174AE00EAE440 /* GameAPI */; };
/* End PBXBuildFile section */

/* Begin PBXFileReference section */
		A12FCE8E2A48AFAD001CA28F /* DependencyInjection */ = {isa = PBXFileReference; lastKnownFileType = wrapper; path = DependencyInjection; sourceTree = "<group>"; };
		A13BAD522A172C250084EE99 /* Core */ = {isa = PBXFileReference; lastKnownFileType = wrapper; path = Core; sourceTree = "<group>"; };
		A13BAD562A172C9B0084EE99 /* Game */ = {isa = PBXFileReference; lastKnownFileType = wrapper; path = Game; sourceTree = "<group>"; };
		A16994EE29F970510082A171 /* R.generated.swift */ = {isa = PBXFileReference; fileEncoding = 4; lastKnownFileType = sourcecode.swift; path = R.generated.swift; sourceTree = "<group>"; };
		A1AAC0D529E431EB00930783 /* PianoReminder.app */ = {isa = PBXFileReference; explicitFileType = wrapper.application; includeInIndex = 0; path = PianoReminder.app; sourceTree = BUILT_PRODUCTS_DIR; };
		A1AAC0DA29E431EB00930783 /* HomeViewModel.swift */ = {isa = PBXFileReference; lastKnownFileType = sourcecode.swift; path = HomeViewModel.swift; sourceTree = "<group>"; };
		A1AAC0DC29E431EB00930783 /* HomeScreen.swift */ = {isa = PBXFileReference; lastKnownFileType = sourcecode.swift; path = HomeScreen.swift; sourceTree = "<group>"; };
		A1AAC0DF29E431EB00930783 /* DependencyInjection.swift */ = {isa = PBXFileReference; lastKnownFileType = sourcecode.swift; path = DependencyInjection.swift; sourceTree = "<group>"; };
		A1AAC0E229E431EB00930783 /* AppDelegate.swift */ = {isa = PBXFileReference; lastKnownFileType = sourcecode.swift; path = AppDelegate.swift; sourceTree = "<group>"; };
		A1AAC0E629E431EB00930783 /* PianoReminderApp.swift */ = {isa = PBXFileReference; lastKnownFileType = sourcecode.swift; path = PianoReminderApp.swift; sourceTree = "<group>"; };
		A1AAC0E829E431EB00930783 /* LaunchScreen.storyboard */ = {isa = PBXFileReference; lastKnownFileType = file.storyboard; path = LaunchScreen.storyboard; sourceTree = "<group>"; };
		A1AAC0EA29E431ED00930783 /* Assets.xcassets */ = {isa = PBXFileReference; lastKnownFileType = folder.assetcatalog; path = Assets.xcassets; sourceTree = "<group>"; };
		A1AAC0F229E4320600930783 /* UI */ = {isa = PBXFileReference; lastKnownFileType = wrapper; name = UI; path = ../../../packages/UI; sourceTree = "<group>"; };
		A1AAC0F329E4320600930783 /* Networking */ = {isa = PBXFileReference; lastKnownFileType = wrapper; name = Networking; path = ../../../packages/Networking; sourceTree = "<group>"; };
		A1AAC0F429E4320600930783 /* Logger */ = {isa = PBXFileReference; lastKnownFileType = wrapper; name = Logger; path = ../../../packages/Logger; sourceTree = "<group>"; };
		A1BCB5AE2A17B15400380EE6 /* HomeRouter.swift */ = {isa = PBXFileReference; lastKnownFileType = sourcecode.swift; path = HomeRouter.swift; sourceTree = "<group>"; };
		A1BCB5B02A1A4F9500380EE6 /* PianoUI */ = {isa = PBXFileReference; lastKnownFileType = wrapper; path = PianoUI; sourceTree = "<group>"; };
/* End PBXFileReference section */

/* Begin PBXFrameworksBuildPhase section */
		A1AAC0D229E431EB00930783 /* Frameworks */ = {
			isa = PBXFrameworksBuildPhase;
			buildActionMask = 2147483647;
			files = (
				A164A9DF29F571CB0059E7CF /* RswiftLibrary in Frameworks */,
				A1AAC12B29E474F200930783 /* Game in Frameworks */,
				A1AAC0F929E4320F00930783 /* Networking in Frameworks */,
				A1AAC0FB29E4320F00930783 /* UI in Frameworks */,
				A1BCB5B22A1A503200380EE6 /* PianoUI in Frameworks */,
				A1AAC0F729E4320F00930783 /* Logger in Frameworks */,
				A1C54C9D2A4174AE00EAE440 /* GameAPI in Frameworks */,
				A1C231662A172DB300F79273 /* Core in Frameworks */,
				A164A9E129F571CB0059E7CF /* rswift in Frameworks */,
			);
			runOnlyForDeploymentPostprocessing = 0;
		};
/* End PBXFrameworksBuildPhase section */

/* Begin PBXGroup section */
		A12D4E2C29F9687A00B00FB9 /* Core */ = {
			isa = PBXGroup;
			children = (
				A1AAC0DE29E431EB00930783 /* DI */,
				A1AAC0E129E431EB00930783 /* App */,
				A1AAC12229E4358C00930783 /* Resources */,
			);
			path = Core;
			sourceTree = "<group>";
		};
		A12D4E2D29F9688200B00FB9 /* Data */ = {
			isa = PBXGroup;
			children = (
			);
			path = Data;
			sourceTree = "<group>";
		};
		A12D4E2E29F9688700B00FB9 /* Domain */ = {
			isa = PBXGroup;
			children = (
			);
			path = Domain;
			sourceTree = "<group>";
		};
		A12D4E2F29F9688D00B00FB9 /* Presentation */ = {
			isa = PBXGroup;
			children = (
				A1AAC0D829E431EB00930783 /* Scenes */,
			);
			path = Presentation;
			sourceTree = "<group>";
		};
		A164A9E229F584E80059E7CF /* Game */ = {
			isa = PBXGroup;
			children = (
			);
			path = Game;
			sourceTree = "<group>";
		};
		A1AAC0CC29E431EB00930783 = {
			isa = PBXGroup;
			children = (
				A1AAC0D729E431EB00930783 /* PianoReminder */,
				A1AAC0D629E431EB00930783 /* Products */,
				A1AAC0F529E4320F00930783 /* Frameworks */,
			);
			sourceTree = "<group>";
		};
		A1AAC0D629E431EB00930783 /* Products */ = {
			isa = PBXGroup;
			children = (
				A1AAC0D529E431EB00930783 /* PianoReminder.app */,
			);
			name = Products;
			sourceTree = "<group>";
		};
		A1AAC0D729E431EB00930783 /* PianoReminder */ = {
			isa = PBXGroup;
			children = (
				A12D4E2F29F9688D00B00FB9 /* Presentation */,
				A12D4E2E29F9688700B00FB9 /* Domain */,
				A12D4E2D29F9688200B00FB9 /* Data */,
				A12D4E2C29F9687A00B00FB9 /* Core */,
				A1AAC0F129E431FE00930783 /* Packages */,
			);
			path = PianoReminder;
			sourceTree = "<group>";
		};
		A1AAC0D829E431EB00930783 /* Scenes */ = {
			isa = PBXGroup;
			children = (
				A164A9E229F584E80059E7CF /* Game */,
				A1AAC0D929E431EB00930783 /* Home */,
			);
			path = Scenes;
			sourceTree = "<group>";
		};
		A1AAC0D929E431EB00930783 /* Home */ = {
			isa = PBXGroup;
			children = (
				A1AAC0DA29E431EB00930783 /* HomeViewModel.swift */,
				A1AAC0DC29E431EB00930783 /* HomeScreen.swift */,
				A1BCB5AE2A17B15400380EE6 /* HomeRouter.swift */,
			);
			path = Home;
			sourceTree = "<group>";
		};
		A1AAC0DE29E431EB00930783 /* DI */ = {
			isa = PBXGroup;
			children = (
				A1AAC0DF29E431EB00930783 /* DependencyInjection.swift */,
			);
			path = DI;
			sourceTree = "<group>";
		};
		A1AAC0E129E431EB00930783 /* App */ = {
			isa = PBXGroup;
			children = (
				A1AAC0E229E431EB00930783 /* AppDelegate.swift */,
				A1AAC0E629E431EB00930783 /* PianoReminderApp.swift */,
				A1AAC0E829E431EB00930783 /* LaunchScreen.storyboard */,
			);
			path = App;
			sourceTree = "<group>";
		};
		A1AAC0F129E431FE00930783 /* Packages */ = {
			isa = PBXGroup;
			children = (
				A12FCE8E2A48AFAD001CA28F /* DependencyInjection */,
				A1BCB5B02A1A4F9500380EE6 /* PianoUI */,
				A13BAD562A172C9B0084EE99 /* Game */,
				A13BAD522A172C250084EE99 /* Core */,
				A1AAC0F429E4320600930783 /* Logger */,
				A1AAC0F329E4320600930783 /* Networking */,
				A1AAC0F229E4320600930783 /* UI */,
			);
			path = Packages;
			sourceTree = "<group>";
		};
		A1AAC0F529E4320F00930783 /* Frameworks */ = {
			isa = PBXGroup;
			children = (
			);
			name = Frameworks;
			sourceTree = "<group>";
		};
		A1AAC12229E4358C00930783 /* Resources */ = {
			isa = PBXGroup;
			children = (
				A16994EE29F970510082A171 /* R.generated.swift */,
				A1AAC0EA29E431ED00930783 /* Assets.xcassets */,
			);
			path = Resources;
			sourceTree = "<group>";
		};
/* End PBXGroup section */

/* Begin PBXNativeTarget section */
		A1AAC0D429E431EB00930783 /* PianoReminder */ = {
			isa = PBXNativeTarget;
			buildConfigurationList = A1AAC0EE29E431ED00930783 /* Build configuration list for PBXNativeTarget "PianoReminder" */;
			buildPhases = (
				A1AAC12129E4356F00930783 /* R.swift */,
				A1AAC12329E435BE00930783 /* SwiftLint */,
				A1AAC0D129E431EB00930783 /* Sources */,
				A1AAC0D229E431EB00930783 /* Frameworks */,
				A1AAC0D329E431EB00930783 /* Resources */,
			);
			buildRules = (
			);
			dependencies = (
			);
			name = PianoReminder;
			packageProductDependencies = (
				A1AAC0F629E4320F00930783 /* Logger */,
				A1AAC0F829E4320F00930783 /* Networking */,
				A1AAC0FA29E4320F00930783 /* UI */,
				A1AAC12A29E474F200930783 /* Game */,
				A164A9DE29F571CB0059E7CF /* RswiftLibrary */,
				A164A9E029F571CB0059E7CF /* rswift */,
				A1C231652A172DB300F79273 /* Core */,
				A1BCB5B12A1A503200380EE6 /* PianoUI */,
				A1C54C9C2A4174AE00EAE440 /* GameAPI */,
			);
			productName = PianoReminder;
			productReference = A1AAC0D529E431EB00930783 /* PianoReminder.app */;
			productType = "com.apple.product-type.application";
		};
/* End PBXNativeTarget section */

/* Begin PBXProject section */
		A1AAC0CD29E431EB00930783 /* Project object */ = {
			isa = PBXProject;
			attributes = {
				BuildIndependentTargetsInParallel = 1;
				LastSwiftUpdateCheck = 1430;
				LastUpgradeCheck = 1430;
				TargetAttributes = {
					A1AAC0D429E431EB00930783 = {
						CreatedOnToolsVersion = 14.3;
					};
				};
			};
			buildConfigurationList = A1AAC0D029E431EB00930783 /* Build configuration list for PBXProject "PianoReminder" */;
			compatibilityVersion = "Xcode 14.0";
			developmentRegion = en;
			hasScannedForEncodings = 0;
			knownRegions = (
				en,
				Base,
			);
			mainGroup = A1AAC0CC29E431EB00930783;
			packageReferences = (
				A164A9DD29F571CB0059E7CF /* XCRemoteSwiftPackageReference "R.swift" */,
			);
			productRefGroup = A1AAC0D629E431EB00930783 /* Products */;
			projectDirPath = "";
			projectRoot = "";
			targets = (
				A1AAC0D429E431EB00930783 /* PianoReminder */,
			);
		};
/* End PBXProject section */

/* Begin PBXResourcesBuildPhase section */
		A1AAC0D329E431EB00930783 /* Resources */ = {
			isa = PBXResourcesBuildPhase;
			buildActionMask = 2147483647;
			files = (
				A1AAC0EB29E431ED00930783 /* Assets.xcassets in Resources */,
				A1AAC0E929E431EB00930783 /* LaunchScreen.storyboard in Resources */,
			);
			runOnlyForDeploymentPostprocessing = 0;
		};
/* End PBXResourcesBuildPhase section */

/* Begin PBXShellScriptBuildPhase section */
		A1AAC12129E4356F00930783 /* R.swift */ = {
			isa = PBXShellScriptBuildPhase;
			alwaysOutOfDate = 1;
			buildActionMask = 2147483647;
			files = (
			);
			inputFileListPaths = (
			);
			inputPaths = (
			);
			name = R.swift;
			outputFileListPaths = (
			);
			outputPaths = (
				"$(SRCROOT)/R.generated.swift",
			);
			runOnlyForDeploymentPostprocessing = 0;
			shellPath = /bin/sh;
			shellScript = "\"$SRCROOT\"/BuildPhases/R.sh\n";
			showEnvVarsInLog = 0;
		};
		A1AAC12329E435BE00930783 /* SwiftLint */ = {
			isa = PBXShellScriptBuildPhase;
			alwaysOutOfDate = 1;
			buildActionMask = 2147483647;
			files = (
			);
			inputFileListPaths = (
			);
			inputPaths = (
			);
			name = SwiftLint;
			outputFileListPaths = (
			);
			outputPaths = (
			);
			runOnlyForDeploymentPostprocessing = 0;
			shellPath = /bin/sh;
			shellScript = "\"$SRCROOT\"/BuildPhases/Swiftlint.sh\n";
			showEnvVarsInLog = 0;
		};
/* End PBXShellScriptBuildPhase section */

/* Begin PBXSourcesBuildPhase section */
		A1AAC0D129E431EB00930783 /* Sources */ = {
			isa = PBXSourcesBuildPhase;
			buildActionMask = 2147483647;
			files = (
				A1AAC0E329E431EB00930783 /* AppDelegate.swift in Sources */,
				A1AAC0DD29E431EB00930783 /* HomeScreen.swift in Sources */,
				A1BCB5AF2A17B15400380EE6 /* HomeRouter.swift in Sources */,
				A16994EF29F970510082A171 /* R.generated.swift in Sources */,
				A1AAC0E729E431EB00930783 /* PianoReminderApp.swift in Sources */,
				A1AAC0E029E431EB00930783 /* DependencyInjection.swift in Sources */,
				A1AAC0DB29E431EB00930783 /* HomeViewModel.swift in Sources */,
			);
			runOnlyForDeploymentPostprocessing = 0;
		};
/* End PBXSourcesBuildPhase section */

/* Begin XCBuildConfiguration section */
		A1AAC0EC29E431ED00930783 /* Debug */ = {
			isa = XCBuildConfiguration;
			buildSettings = {
				ALWAYS_SEARCH_USER_PATHS = NO;
				CLANG_ANALYZER_NONNULL = YES;
				CLANG_ANALYZER_NUMBER_OBJECT_CONVERSION = YES_AGGRESSIVE;
				CLANG_CXX_LANGUAGE_STANDARD = "gnu++20";
				CLANG_ENABLE_MODULES = YES;
				CLANG_ENABLE_OBJC_ARC = YES;
				CLANG_ENABLE_OBJC_WEAK = YES;
				CLANG_WARN_BLOCK_CAPTURE_AUTORELEASING = YES;
				CLANG_WARN_BOOL_CONVERSION = YES;
				CLANG_WARN_COMMA = YES;
				CLANG_WARN_CONSTANT_CONVERSION = YES;
				CLANG_WARN_DEPRECATED_OBJC_IMPLEMENTATIONS = YES;
				CLANG_WARN_DIRECT_OBJC_ISA_USAGE = YES_ERROR;
				CLANG_WARN_DOCUMENTATION_COMMENTS = YES;
				CLANG_WARN_EMPTY_BODY = YES;
				CLANG_WARN_ENUM_CONVERSION = YES;
				CLANG_WARN_INFINITE_RECURSION = YES;
				CLANG_WARN_INT_CONVERSION = YES;
				CLANG_WARN_NON_LITERAL_NULL_CONVERSION = YES;
				CLANG_WARN_OBJC_IMPLICIT_RETAIN_SELF = YES;
				CLANG_WARN_OBJC_LITERAL_CONVERSION = YES;
				CLANG_WARN_OBJC_ROOT_CLASS = YES_ERROR;
				CLANG_WARN_QUOTED_INCLUDE_IN_FRAMEWORK_HEADER = YES;
				CLANG_WARN_RANGE_LOOP_ANALYSIS = YES;
				CLANG_WARN_STRICT_PROTOTYPES = YES;
				CLANG_WARN_SUSPICIOUS_MOVE = YES;
				CLANG_WARN_UNGUARDED_AVAILABILITY = YES_AGGRESSIVE;
				CLANG_WARN_UNREACHABLE_CODE = YES;
				CLANG_WARN__DUPLICATE_METHOD_MATCH = YES;
				COPY_PHASE_STRIP = NO;
				DEBUG_INFORMATION_FORMAT = dwarf;
				ENABLE_STRICT_OBJC_MSGSEND = YES;
				ENABLE_TESTABILITY = YES;
				GCC_C_LANGUAGE_STANDARD = gnu11;
				GCC_DYNAMIC_NO_PIC = NO;
				GCC_NO_COMMON_BLOCKS = YES;
				GCC_OPTIMIZATION_LEVEL = 0;
				GCC_PREPROCESSOR_DEFINITIONS = (
					"DEBUG=1",
					"$(inherited)",
				);
				GCC_WARN_64_TO_32_BIT_CONVERSION = YES;
				GCC_WARN_ABOUT_RETURN_TYPE = YES_ERROR;
				GCC_WARN_UNDECLARED_SELECTOR = YES;
				GCC_WARN_UNINITIALIZED_AUTOS = YES_AGGRESSIVE;
				GCC_WARN_UNUSED_FUNCTION = YES;
				GCC_WARN_UNUSED_VARIABLE = YES;
				IPHONEOS_DEPLOYMENT_TARGET = 16.4;
				MTL_ENABLE_DEBUG_INFO = INCLUDE_SOURCE;
				MTL_FAST_MATH = YES;
				ONLY_ACTIVE_ARCH = YES;
				SDKROOT = iphoneos;
				SWIFT_ACTIVE_COMPILATION_CONDITIONS = DEBUG;
				SWIFT_OPTIMIZATION_LEVEL = "-Onone";
			};
			name = Debug;
		};
		A1AAC0ED29E431ED00930783 /* Release */ = {
			isa = XCBuildConfiguration;
			buildSettings = {
				ALWAYS_SEARCH_USER_PATHS = NO;
				CLANG_ANALYZER_NONNULL = YES;
				CLANG_ANALYZER_NUMBER_OBJECT_CONVERSION = YES_AGGRESSIVE;
				CLANG_CXX_LANGUAGE_STANDARD = "gnu++20";
				CLANG_ENABLE_MODULES = YES;
				CLANG_ENABLE_OBJC_ARC = YES;
				CLANG_ENABLE_OBJC_WEAK = YES;
				CLANG_WARN_BLOCK_CAPTURE_AUTORELEASING = YES;
				CLANG_WARN_BOOL_CONVERSION = YES;
				CLANG_WARN_COMMA = YES;
				CLANG_WARN_CONSTANT_CONVERSION = YES;
				CLANG_WARN_DEPRECATED_OBJC_IMPLEMENTATIONS = YES;
				CLANG_WARN_DIRECT_OBJC_ISA_USAGE = YES_ERROR;
				CLANG_WARN_DOCUMENTATION_COMMENTS = YES;
				CLANG_WARN_EMPTY_BODY = YES;
				CLANG_WARN_ENUM_CONVERSION = YES;
				CLANG_WARN_INFINITE_RECURSION = YES;
				CLANG_WARN_INT_CONVERSION = YES;
				CLANG_WARN_NON_LITERAL_NULL_CONVERSION = YES;
				CLANG_WARN_OBJC_IMPLICIT_RETAIN_SELF = YES;
				CLANG_WARN_OBJC_LITERAL_CONVERSION = YES;
				CLANG_WARN_OBJC_ROOT_CLASS = YES_ERROR;
				CLANG_WARN_QUOTED_INCLUDE_IN_FRAMEWORK_HEADER = YES;
				CLANG_WARN_RANGE_LOOP_ANALYSIS = YES;
				CLANG_WARN_STRICT_PROTOTYPES = YES;
				CLANG_WARN_SUSPICIOUS_MOVE = YES;
				CLANG_WARN_UNGUARDED_AVAILABILITY = YES_AGGRESSIVE;
				CLANG_WARN_UNREACHABLE_CODE = YES;
				CLANG_WARN__DUPLICATE_METHOD_MATCH = YES;
				COPY_PHASE_STRIP = NO;
				DEBUG_INFORMATION_FORMAT = "dwarf-with-dsym";
				ENABLE_NS_ASSERTIONS = NO;
				ENABLE_STRICT_OBJC_MSGSEND = YES;
				GCC_C_LANGUAGE_STANDARD = gnu11;
				GCC_NO_COMMON_BLOCKS = YES;
				GCC_WARN_64_TO_32_BIT_CONVERSION = YES;
				GCC_WARN_ABOUT_RETURN_TYPE = YES_ERROR;
				GCC_WARN_UNDECLARED_SELECTOR = YES;
				GCC_WARN_UNINITIALIZED_AUTOS = YES_AGGRESSIVE;
				GCC_WARN_UNUSED_FUNCTION = YES;
				GCC_WARN_UNUSED_VARIABLE = YES;
				IPHONEOS_DEPLOYMENT_TARGET = 16.4;
				MTL_ENABLE_DEBUG_INFO = NO;
				MTL_FAST_MATH = YES;
				SDKROOT = iphoneos;
				SWIFT_COMPILATION_MODE = wholemodule;
				SWIFT_OPTIMIZATION_LEVEL = "-O";
				VALIDATE_PRODUCT = YES;
			};
			name = Release;
		};
		A1AAC0EF29E431ED00930783 /* Debug */ = {
			isa = XCBuildConfiguration;
			buildSettings = {
				ASSETCATALOG_COMPILER_APPICON_NAME = AppIcon;
				ASSETCATALOG_COMPILER_GLOBAL_ACCENT_COLOR_NAME = AccentColor;
				CODE_SIGN_STYLE = Automatic;
				CURRENT_PROJECT_VERSION = 1;
				DEVELOPMENT_TEAM = 4RGG6YXDS6;
				ENABLE_PREVIEWS = YES;
				GENERATE_INFOPLIST_FILE = YES;
				INFOPLIST_KEY_UIApplicationSupportsIndirectInputEvents = YES;
				INFOPLIST_KEY_UILaunchStoryboardName = LaunchScreen.storyboard;
				INFOPLIST_KEY_UISupportedInterfaceOrientations_iPad = "UIInterfaceOrientationPortrait UIInterfaceOrientationPortraitUpsideDown UIInterfaceOrientationLandscapeLeft UIInterfaceOrientationLandscapeRight";
				INFOPLIST_KEY_UISupportedInterfaceOrientations_iPhone = "UIInterfaceOrientationPortrait UIInterfaceOrientationLandscapeLeft UIInterfaceOrientationLandscapeRight";
				LD_RUNPATH_SEARCH_PATHS = (
					"$(inherited)",
					"@executable_path/Frameworks",
				);
				MARKETING_VERSION = 1.0;
				PRODUCT_BUNDLE_IDENTIFIER = danielfcodes.PianoReminder;
				PRODUCT_NAME = "$(TARGET_NAME)";
				SWIFT_EMIT_LOC_STRINGS = YES;
				SWIFT_VERSION = 5.0;
				TARGETED_DEVICE_FAMILY = "1,2";
			};
			name = Debug;
		};
		A1AAC0F029E431ED00930783 /* Release */ = {
			isa = XCBuildConfiguration;
			buildSettings = {
				ASSETCATALOG_COMPILER_APPICON_NAME = AppIcon;
				ASSETCATALOG_COMPILER_GLOBAL_ACCENT_COLOR_NAME = AccentColor;
				CODE_SIGN_STYLE = Automatic;
				CURRENT_PROJECT_VERSION = 1;
				DEVELOPMENT_TEAM = 4RGG6YXDS6;
				ENABLE_PREVIEWS = YES;
				GENERATE_INFOPLIST_FILE = YES;
				INFOPLIST_KEY_UIApplicationSupportsIndirectInputEvents = YES;
				INFOPLIST_KEY_UILaunchStoryboardName = LaunchScreen.storyboard;
				INFOPLIST_KEY_UISupportedInterfaceOrientations_iPad = "UIInterfaceOrientationPortrait UIInterfaceOrientationPortraitUpsideDown UIInterfaceOrientationLandscapeLeft UIInterfaceOrientationLandscapeRight";
				INFOPLIST_KEY_UISupportedInterfaceOrientations_iPhone = "UIInterfaceOrientationPortrait UIInterfaceOrientationLandscapeLeft UIInterfaceOrientationLandscapeRight";
				LD_RUNPATH_SEARCH_PATHS = (
					"$(inherited)",
					"@executable_path/Frameworks",
				);
				MARKETING_VERSION = 1.0;
				PRODUCT_BUNDLE_IDENTIFIER = danielfcodes.PianoReminder;
				PRODUCT_NAME = "$(TARGET_NAME)";
				SWIFT_EMIT_LOC_STRINGS = YES;
				SWIFT_VERSION = 5.0;
				TARGETED_DEVICE_FAMILY = "1,2";
			};
			name = Release;
		};
/* End XCBuildConfiguration section */

/* Begin XCConfigurationList section */
		A1AAC0D029E431EB00930783 /* Build configuration list for PBXProject "PianoReminder" */ = {
			isa = XCConfigurationList;
			buildConfigurations = (
				A1AAC0EC29E431ED00930783 /* Debug */,
				A1AAC0ED29E431ED00930783 /* Release */,
			);
			defaultConfigurationIsVisible = 0;
			defaultConfigurationName = Release;
		};
		A1AAC0EE29E431ED00930783 /* Build configuration list for PBXNativeTarget "PianoReminder" */ = {
			isa = XCConfigurationList;
			buildConfigurations = (
				A1AAC0EF29E431ED00930783 /* Debug */,
				A1AAC0F029E431ED00930783 /* Release */,
			);
			defaultConfigurationIsVisible = 0;
			defaultConfigurationName = Release;
		};
/* End XCConfigurationList section */

/* Begin XCRemoteSwiftPackageReference section */
		A164A9DD29F571CB0059E7CF /* XCRemoteSwiftPackageReference "R.swift" */ = {
			isa = XCRemoteSwiftPackageReference;
			repositoryURL = "https://github.com/mac-cain13/R.swift.git";
			requirement = {
				kind = upToNextMajorVersion;
				minimumVersion = 7.0.0;
			};
		};
/* End XCRemoteSwiftPackageReference section */

/* Begin XCSwiftPackageProductDependency section */
		A164A9DE29F571CB0059E7CF /* RswiftLibrary */ = {
			isa = XCSwiftPackageProductDependency;
			package = A164A9DD29F571CB0059E7CF /* XCRemoteSwiftPackageReference "R.swift" */;
			productName = RswiftLibrary;
		};
		A164A9E029F571CB0059E7CF /* rswift */ = {
			isa = XCSwiftPackageProductDependency;
			package = A164A9DD29F571CB0059E7CF /* XCRemoteSwiftPackageReference "R.swift" */;
			productName = rswift;
		};
		A1AAC0F629E4320F00930783 /* Logger */ = {
			isa = XCSwiftPackageProductDependency;
			productName = Logger;
		};
		A1AAC0F829E4320F00930783 /* Networking */ = {
			isa = XCSwiftPackageProductDependency;
			productName = Networking;
		};
		A1AAC0FA29E4320F00930783 /* UI */ = {
			isa = XCSwiftPackageProductDependency;
			productName = UI;
		};
		A1AAC12A29E474F200930783 /* Game */ = {
			isa = XCSwiftPackageProductDependency;
			productName = Game;
		};
		A1BCB5B12A1A503200380EE6 /* PianoUI */ = {
			isa = XCSwiftPackageProductDependency;
			productName = PianoUI;
		};
		A1C231652A172DB300F79273 /* Core */ = {
			isa = XCSwiftPackageProductDependency;
			productName = Core;
		};
		A1C54C9C2A4174AE00EAE440 /* GameAPI */ = {
			isa = XCSwiftPackageProductDependency;
			productName = GameAPI;
		};
/* End XCSwiftPackageProductDependency section */
	};
	rootObject = A1AAC0CD29E431EB00930783 /* Project object */;
}
