{
  "pins" : [
    {
      "identity" : "logger",
      "kind" : "remoteSourceControl",
      "location" : "git@github.com:danielfcodes/Logger.git",
      "state" : {
        "revision" : "df751da5788354347c3cf1a1679ae2d3c2f3e871",
        "version" : "1.2.1"
      }
    },
    {
      "identity" : "networking",
      "kind" : "remoteSourceControl",
      "location" : "https://github.com/danielfcodes/Networking",
      "state" : {
        "revision" : "87c60174b700d5cb959b19bb46f55bce826582dc",
        "version" : "1.2.0"
      }
    },
    {
      "identity" : "swinject",
      "kind" : "remoteSourceControl",
      "location" : "https://github.com/Swinject/Swinject.git",
      "state" : {
        "revision" : "8bc503e60965298984fb58cf47b71c541449fe2a",
        "version" : "2.8.3"
      }
    },
    {
      "identity" : "ui",
      "kind" : "remoteSourceControl",
      "location" : "git@github.com:danielfcodes/UI.git",
      "state" : {
        "revision" : "44fe535c9449a168cb51711be01fdfc1ddc6b2ef",
        "version" : "1.2.5"
      }
    }
  ],
  "version" : 2
}
