{
  "pins" : [
    {
      "identity" : "logger",
      "kind" : "remoteSourceControl",
      "location" : "git@github.com:danielfcodes/Logger.git",
      "state" : {
        "revision" : "e3c36ad67be27422b082c1763d2583726471343f",
        "version" : "1.1.0"
      }
    },
    {
      "identity" : "networking",
      "kind" : "remoteSourceControl",
      "location" : "https://github.com/danielfcodes/Networking",
      "state" : {
        "revision" : "87c60174b700d5cb959b19bb46f55bce826582dc",
        "version" : "1.2.0"
      }
    },
    {
      "identity" : "swinject",
      "kind" : "remoteSourceControl",
      "location" : "https://github.com/Swinject/Swinject.git",
      "state" : {
        "revision" : "8bc503e60965298984fb58cf47b71c541449fe2a",
        "version" : "2.8.3"
      }
    },
    {
      "identity" : "ui",
      "kind" : "remoteSourceControl",
      "location" : "git@github.com:danielfcodes/UI.git",
      "state" : {
        "revision" : "39c91b0710718adf4d39780c61d77d38221ae5b7",
        "version" : "1.2.1"
      }
    }
  ],
  "version" : 2
}
